// This lockfile was autogenerated by Pants. To regenerate, run:
//
//    pants generate-lockfiles --resolve=python-default
//
// --- BEGIN PANTS LOCKFILE METADATA: DO NOT EDIT OR REMOVE ---
// {
//   "version": 3,
//   "valid_for_interpreter_constraints": [
//     "CPython==3.11.*"
//   ],
//   "generated_with_requirements": [
//     "flywheel-sdk>=19.0.0",
//     "fw-client>=1.0.0",
//     "pydantic>=2.5.2"
//   ],
//   "manylinux": "manylinux2014",
//   "requirement_constraints": [],
//   "only_binary": [],
//   "no_binary": []
// }
// --- END PANTS LOCKFILE METADATA ---

{
  "allow_builds": true,
  "allow_prereleases": false,
  "allow_wheels": true,
  "build_isolation": true,
  "constraints": [],
  "excluded": [],
  "locked_resolves": [
    {
      "locked_requirements": [
        {
          "artifacts": [
            {
              "algorithm": "sha256",
              "hash": "1f02e8b43a8fbbc3f3e0d4f0f4bfc8131bcb4eebe8849b8e5c773f3a1c582a53",
              "url": "https://files.pythonhosted.org/packages/78/b6/6307fbef88d9b5ee7421e68d78a9f162e0da4900bc5f5793f6d3d0e34fb8/annotated_types-0.7.0-py3-none-any.whl"
            },
            {
              "algorithm": "sha256",
              "hash": "aff07c09a53a08bc8cfccb9c85b05f1aa9a2a6f23728d790723543408344ce89",
              "url": "https://files.pythonhosted.org/packages/ee/67/531ea369ba64dcff5ec9c3402f9f51bf748cec26dde048a2f973a4eea7f5/annotated_types-0.7.0.tar.gz"
            }
          ],
          "project_name": "annotated-types",
          "requires_dists": [
            "typing-extensions>=4.0.0; python_version < \"3.9\""
          ],
          "requires_python": ">=3.8",
          "version": "0.7.0"
        },
        {
          "artifacts": [
            {
              "algorithm": "sha256",
              "hash": "9f76d541cad6e36af7beb62e978876f3b41e3e04f2c1fbf0884604c0a9c4d93c",
              "url": "https://files.pythonhosted.org/packages/a1/ee/48ca1a7c89ffec8b6a0c5d02b89c305671d5ffd8d3c94acf8b8c408575bb/anyio-4.9.0-py3-none-any.whl"
            },
            {
              "algorithm": "sha256",
              "hash": "673c0c244e15788651a4ff38710fea9675823028a6f08a5eda409e0c9840a028",
              "url": "https://files.pythonhosted.org/packages/95/7d/4c1bd541d4dffa1b52bd83fb8527089e097a106fc90b467a7313b105f840/anyio-4.9.0.tar.gz"
            }
          ],
          "project_name": "anyio",
          "requires_dists": [
            "Sphinx~=8.2; extra == \"doc\"",
            "anyio[trio]; extra == \"test\"",
            "blockbuster>=1.5.23; extra == \"test\"",
            "coverage[toml]>=7; extra == \"test\"",
            "exceptiongroup>=1.0.2; python_version < \"3.11\"",
            "exceptiongroup>=1.2.0; extra == \"test\"",
            "hypothesis>=4.0; extra == \"test\"",
            "idna>=2.8",
            "packaging; extra == \"doc\"",
            "psutil>=5.9; extra == \"test\"",
            "pytest>=7.0; extra == \"test\"",
            "sniffio>=1.1",
            "sphinx-autodoc-typehints>=1.2.0; extra == \"doc\"",
            "sphinx_rtd_theme; extra == \"doc\"",
            "trio>=0.26.1; extra == \"trio\"",
            "trustme; extra == \"test\"",
            "truststore>=0.9.1; python_version >= \"3.10\" and extra == \"test\"",
            "typing_extensions>=4.5; python_version < \"3.13\"",
            "uvloop>=0.21; (platform_python_implementation == \"CPython\" and platform_system != \"Windows\" and python_version < \"3.14\") and extra == \"test\""
          ],
          "requires_python": ">=3.9",
          "version": "4.9.0"
        },
        {
          "artifacts": [
            {
              "algorithm": "sha256",
              "hash": "63579f9a0628e06278f7e47b7d7d5b6ce20dc65c5e96a6f3ca99a6adca0396e8",
              "url": "https://files.pythonhosted.org/packages/df/73/b6e24bd22e6720ca8ee9a85a0c4a2971af8497d8f3193fa05390cbd46e09/backoff-2.2.1-py3-none-any.whl"
            },
            {
              "algorithm": "sha256",
              "hash": "03f829f5bb1923180821643f8753b0502c3b682293992485b0eef2807afa5cba",
              "url": "https://files.pythonhosted.org/packages/47/d7/5bbeb12c44d7c4f2fb5b56abce497eb5ed9f34d85701de869acedd602619/backoff-2.2.1.tar.gz"
            }
          ],
          "project_name": "backoff",
          "requires_dists": [],
          "requires_python": "<4.0,>=3.7",
          "version": "2.2.1"
        },
        {
          "artifacts": [
            {
              "algorithm": "sha256",
              "hash": "30350364dfe371162649852c63336a15c70c6510c2ad5015b21c2345311805f3",
              "url": "https://files.pythonhosted.org/packages/4a/7e/3db2bd1b1f9e95f7cddca6d6e75e2f2bd9f51b1246e546d88addca0106bd/certifi-2025.4.26-py3-none-any.whl"
            },
            {
              "algorithm": "sha256",
              "hash": "0a816057ea3cdefcef70270d2c515e4506bbc954f417fa5ade2021213bb8f0c6",
              "url": "https://files.pythonhosted.org/packages/e8/9e/c05b3920a3b7d20d3d3310465f50348e5b3694f4f88c6daf736eef3024c4/certifi-2025.4.26.tar.gz"
            }
          ],
          "project_name": "certifi",
          "requires_dists": [],
          "requires_python": ">=3.6",
          "version": "2025.4.26"
        },
        {
          "artifacts": [
            {
              "algorithm": "sha256",
              "hash": "d98b1668f06378c6dbefec3b92299716b931cd4e6061f3c875a71ced1780ab85",
              "url": "https://files.pythonhosted.org/packages/0e/f6/65ecc6878a89bb1c23a086ea335ad4bf21a588990c3f535a227b9eea9108/charset_normalizer-3.4.1-py3-none-any.whl"
            },
            {
              "algorithm": "sha256",
              "hash": "44251f18cd68a75b56585dd00dae26183e102cd5e0f9f1466e6df5da2ed64ea3",
              "url": "https://files.pythonhosted.org/packages/16/b0/572805e227f01586461c80e0fd25d65a2115599cc9dad142fee4b747c357/charset_normalizer-3.4.1.tar.gz"
            },
            {
              "algorithm": "sha256",
              "hash": "4d86f7aff21ee58f26dcf5ae81a9addbd914115cdebcbb2217e4f0ed8982e146",
              "url": "https://files.pythonhosted.org/packages/28/a3/a42e70d03cbdabc18997baf4f0227c73591a08041c149e710045c281f97b/charset_normalizer-3.4.1-cp311-cp311-musllinux_1_2_i686.whl"
            },
            {
              "algorithm": "sha256",
              "hash": "234ac59ea147c59ee4da87a0c0f098e9c8d169f4dc2a159ef720f1a61bbe27cd",
              "url": "https://files.pythonhosted.org/packages/37/ed/be39e5258e198655240db5e19e0b11379163ad7070962d6b0c87ed2c4d39/charset_normalizer-3.4.1-cp311-cp311-manylinux_2_17_s390x.manylinux2014_s390x.whl"
            },
            {
              "algorithm": "sha256",
              "hash": "237bdbe6159cff53b4f24f397d43c6336c6b0b42affbe857970cefbb620911c8",
              "url": "https://files.pythonhosted.org/packages/3d/7b/82865ba54c765560c8433f65e8acb9217cb839a9e32b42af4aa8e945870f/charset_normalizer-3.4.1-cp311-cp311-musllinux_1_2_x86_64.whl"
            },
            {
              "algorithm": "sha256",
              "hash": "c96836c97b1238e9c9e3fe90844c947d5afbf4f4c92762679acfe19927d81d77",
              "url": "https://files.pythonhosted.org/packages/68/85/f4288e96039abdd5aeb5c546fa20a37b50da71b5cf01e75e87f16cd43304/charset_normalizer-3.4.1-cp311-cp311-musllinux_1_2_aarch64.whl"
            },
            {
              "algorithm": "sha256",
              "hash": "f08ff5e948271dc7e18a35641d2f11a4cd8dfd5634f55228b691e62b37125eb3",
              "url": "https://files.pythonhosted.org/packages/71/64/d24ab1a997efb06402e3fc07317e94da358e2585165930d9d59ad45fcae2/charset_normalizer-3.4.1-cp311-cp311-manylinux_2_17_ppc64le.manylinux2014_ppc64le.whl"
            },
            {
              "algorithm": "sha256",
              "hash": "8bfa33f4f2672964266e940dd22a195989ba31669bd84629f05fab3ef4e2d125",
              "url": "https://files.pythonhosted.org/packages/72/80/41ef5d5a7935d2d3a773e3eaebf0a9350542f2cab4eac59a7a4741fbbbbe/charset_normalizer-3.4.1-cp311-cp311-macosx_10_9_universal2.whl"
            },
            {
              "algorithm": "sha256",
              "hash": "28bf57629c75e810b6ae989f03c0828d64d6b26a5e205535585f96093e405ed1",
              "url": "https://files.pythonhosted.org/packages/7a/28/0b9fefa7b8b080ec492110af6d88aa3dea91c464b17d53474b6e9ba5d2c5/charset_normalizer-3.4.1-cp311-cp311-manylinux_2_17_aarch64.manylinux2014_aarch64.whl"
            },
            {
              "algorithm": "sha256",
              "hash": "09b5e6733cbd160dcc09589227187e242a30a49ca5cefa5a7edd3f9d19ed53fd",
              "url": "https://files.pythonhosted.org/packages/85/e4/65699e8ab3014ecbe6f5c71d1a55d810fb716bbfd74f6283d5c2aa87febf/charset_normalizer-3.4.1-cp311-cp311-musllinux_1_2_ppc64le.whl"
            },
            {
              "algorithm": "sha256",
              "hash": "fd4ec41f914fa74ad1b8304bbc634b3de73d2a0889bd32076342a573e0779e00",
              "url": "https://files.pythonhosted.org/packages/88/83/489e9504711fa05d8dde1574996408026bdbdbd938f23be67deebb5eca92/charset_normalizer-3.4.1-cp311-cp311-manylinux_2_17_x86_64.manylinux2014_x86_64.whl"
            },
            {
              "algorithm": "sha256",
              "hash": "5777ee0881f9499ed0f71cc82cf873d9a0ca8af166dfa0af8ec4e675b7df48e6",
              "url": "https://files.pythonhosted.org/packages/b1/82/8e9fe624cc5374193de6860aba3ea8070f584c8565ee77c168ec13274bd2/charset_normalizer-3.4.1-cp311-cp311-musllinux_1_2_s390x.whl"
            },
            {
              "algorithm": "sha256",
              "hash": "eea6ee1db730b3483adf394ea72f808b6e18cf3cb6454b4d86e04fa8c4327a12",
              "url": "https://files.pythonhosted.org/packages/c6/c7/32da20821cf387b759ad24627a9aca289d2822de929b8a41b6241767b461/charset_normalizer-3.4.1-cp311-cp311-manylinux_2_5_i686.manylinux1_i686.manylinux_2_17_i686.manylinux2014_i686.whl"
            }
          ],
          "project_name": "charset-normalizer",
          "requires_dists": [],
          "requires_python": ">=3.7",
          "version": "3.4.1"
        },
        {
          "artifacts": [
            {
              "algorithm": "sha256",
              "hash": "478c36c2eed246f31b3fe02f3cfe3e4a85193ff4a6dced8684af1466e570cede",
              "url": "https://files.pythonhosted.org/packages/49/dc/60d3fb696aef81049c238fcf7ff74e011b3acd55ac91b93bb28e6b10cb6f/flywheel_sdk-20.1.4-py2.py3-none-any.whl"
            }
          ],
          "project_name": "flywheel-sdk",
          "requires_dists": [
            "certifi>=2024.2.2",
            "packaging",
            "python-dateutil>=2.8.1",
            "requests-toolbelt",
            "requests>=2.18.4",
            "six>=1.16",
            "urllib3>=2.2.1"
          ],
          "requires_python": null,
          "version": "20.1.4"
        },
        {
          "artifacts": [
            {
              "algorithm": "sha256",
              "hash": "9d77fefcc1239e3101b4a27c61f1ec38a1047115254ae19d41156171162c465e",
              "url": "https://files.pythonhosted.org/packages/5f/23/5dab2b6ab9be1b0a1670c0098056332784c4f3e71fe314ff7cfac6ba66af/fw_client-2.1.1-py3-none-any.whl"
            }
          ],
          "project_name": "fw-client",
          "requires_dists": [
            "backoff<3.0.0,>=2.2.1",
            "fw-utils<6.0.0,>=5.0.3",
            "httpx[http2]<1,>=0",
            "packaging>=23"
          ],
          "requires_python": "<4.0,>=3.10",
          "version": "2.1.1"
        },
        {
          "artifacts": [
            {
              "algorithm": "sha256",
              "hash": "89e91eb7f8504bb130af0895a6353839c4d67ff066cf2e04b6c83f4bbb8b5f30",
              "url": "https://files.pythonhosted.org/packages/62/60/64cb33ffad69c905af911b2725a62e0bc46010d36be9e55ea8dd89ebfdff/fw_utils-5.1.0-py3-none-any.whl"
            }
          ],
          "project_name": "fw-utils",
          "requires_dists": [
            "pymongo<5.0.0,>=4.8.0; extra == \"all\"",
            "python-dateutil<3.0.0,>=2.8.2",
            "starlette>=0.41.3; extra == \"all\"",
            "tzdata>=2022",
            "tzlocal>=4.1"
          ],
          "requires_python": "<4.0,>=3.9",
          "version": "5.1.0"
        },
        {
          "artifacts": [
            {
              "algorithm": "sha256",
              "hash": "63cf8bbe7522de3bf65932fda1d9c2772064ffb3dae62d55932da54b31cb6c86",
              "url": "https://files.pythonhosted.org/packages/04/4b/29cac41a4d98d144bf5f6d33995617b185d14b22401f75ca86f384e87ff1/h11-0.16.0-py3-none-any.whl"
            },
            {
              "algorithm": "sha256",
              "hash": "4e35b956cf45792e4caa5885e69fba00bdbc6ffafbfa020300e549b208ee5ff1",
              "url": "https://files.pythonhosted.org/packages/01/ee/02a2c011bdab74c6fb3c75474d40b3052059d95df7e73351460c8588d963/h11-0.16.0.tar.gz"
            }
          ],
          "project_name": "h11",
          "requires_dists": [],
          "requires_python": ">=3.8",
          "version": "0.16.0"
        },
        {
          "artifacts": [
            {
              "algorithm": "sha256",
              "hash": "479a53ad425bb29af087f3458a61d30780bc818e4ebcf01f0b536ba916462ed0",
              "url": "https://files.pythonhosted.org/packages/d0/9e/984486f2d0a0bd2b024bf4bc1c62688fcafa9e61991f041fb0e2def4a982/h2-4.2.0-py3-none-any.whl"
            },
            {
              "algorithm": "sha256",
              "hash": "c8a52129695e88b1a0578d8d2cc6842bbd79128ac685463b887ee278126ad01f",
              "url": "https://files.pythonhosted.org/packages/1b/38/d7f80fd13e6582fb8e0df8c9a653dcc02b03ca34f4d72f34869298c5baf8/h2-4.2.0.tar.gz"
            }
          ],
          "project_name": "h2",
          "requires_dists": [
            "hpack<5,>=4.1",
            "hyperframe<7,>=6.1"
          ],
          "requires_python": ">=3.9",
          "version": "4.2.0"
        },
        {
          "artifacts": [
            {
              "algorithm": "sha256",
              "hash": "157ac792668d995c657d93111f46b4535ed114f0c9c8d672271bbec7eae1b496",
              "url": "https://files.pythonhosted.org/packages/07/c6/80c95b1b2b94682a72cbdbfb85b81ae2daffa4291fbfa1b1464502ede10d/hpack-4.1.0-py3-none-any.whl"
            },
            {
              "algorithm": "sha256",
              "hash": "ec5eca154f7056aa06f196a557655c5b009b382873ac8d1e66e79e87535f1dca",
              "url": "https://files.pythonhosted.org/packages/2c/48/71de9ed269fdae9c8057e5a4c0aa7402e8bb16f2c6e90b3aa53327b113f8/hpack-4.1.0.tar.gz"
            }
          ],
          "project_name": "hpack",
          "requires_dists": [],
          "requires_python": ">=3.9",
          "version": "4.1.0"
        },
        {
          "artifacts": [
            {
              "algorithm": "sha256",
              "hash": "2d400746a40668fc9dec9810239072b40b4484b640a8c38fd654a024c7a1bf55",
              "url": "https://files.pythonhosted.org/packages/7e/f5/f66802a942d491edb555dd61e3a9961140fd64c90bce1eafd741609d334d/httpcore-1.0.9-py3-none-any.whl"
            },
            {
              "algorithm": "sha256",
              "hash": "6e34463af53fd2ab5d807f399a9b45ea31c3dfa2276f15a2c3f00afff6e176e8",
              "url": "https://files.pythonhosted.org/packages/06/94/82699a10bca87a5556c9c59b5963f2d039dbd239f25bc2a63907a05a14cb/httpcore-1.0.9.tar.gz"
            }
          ],
          "project_name": "httpcore",
          "requires_dists": [
            "anyio<5.0,>=4.0; extra == \"asyncio\"",
            "certifi",
            "h11>=0.16",
            "h2<5,>=3; extra == \"http2\"",
            "socksio==1.*; extra == \"socks\"",
            "trio<1.0,>=0.22.0; extra == \"trio\""
          ],
          "requires_python": ">=3.8",
          "version": "1.0.9"
        },
        {
          "artifacts": [
            {
              "algorithm": "sha256",
              "hash": "d909fcccc110f8c7faf814ca82a9a4d816bc5a6dbfea25d6591d6985b8ba59ad",
              "url": "https://files.pythonhosted.org/packages/2a/39/e50c7c3a983047577ee07d2a9e53faf5a69493943ec3f6a384bdc792deb2/httpx-0.28.1-py3-none-any.whl"
            },
            {
              "algorithm": "sha256",
              "hash": "75e98c5f16b0f35b567856f597f06ff2270a374470a5c2392242528e3e3e42fc",
              "url": "https://files.pythonhosted.org/packages/b1/df/48c586a5fe32a0f01324ee087459e112ebb7224f646c0b5023f5e79e9956/httpx-0.28.1.tar.gz"
            }
          ],
          "project_name": "httpx",
          "requires_dists": [
            "anyio",
            "brotli; platform_python_implementation == \"CPython\" and extra == \"brotli\"",
            "brotlicffi; platform_python_implementation != \"CPython\" and extra == \"brotli\"",
            "certifi",
            "click==8.*; extra == \"cli\"",
            "h2<5,>=3; extra == \"http2\"",
            "httpcore==1.*",
            "idna",
            "pygments==2.*; extra == \"cli\"",
            "rich<14,>=10; extra == \"cli\"",
            "socksio==1.*; extra == \"socks\"",
            "zstandard>=0.18.0; extra == \"zstd\""
          ],
          "requires_python": ">=3.8",
          "version": "0.28.1"
        },
        {
          "artifacts": [
            {
              "algorithm": "sha256",
              "hash": "b03380493a519fce58ea5af42e4a42317bf9bd425596f7a0835ffce80f1a42e5",
              "url": "https://files.pythonhosted.org/packages/48/30/47d0bf6072f7252e6521f3447ccfa40b421b6824517f82854703d0f5a98b/hyperframe-6.1.0-py3-none-any.whl"
            },
            {
              "algorithm": "sha256",
              "hash": "f630908a00854a7adeabd6382b43923a4c4cd4b821fcb527e6ab9e15382a3b08",
              "url": "https://files.pythonhosted.org/packages/02/e7/94f8232d4a74cc99514c13a9f995811485a6903d48e5d952771ef6322e30/hyperframe-6.1.0.tar.gz"
            }
          ],
          "project_name": "hyperframe",
          "requires_dists": [],
          "requires_python": ">=3.9",
          "version": "6.1.0"
        },
        {
          "artifacts": [
            {
              "algorithm": "sha256",
              "hash": "946d195a0d259cbba61165e88e65941f16e9b36ea6ddb97f00452bae8b1287d3",
              "url": "https://files.pythonhosted.org/packages/76/c6/c88e154df9c4e1a2a66ccf0005a88dfb2650c1dffb6f5ce603dfbd452ce3/idna-3.10-py3-none-any.whl"
            },
            {
              "algorithm": "sha256",
              "hash": "12f65c9b470abda6dc35cf8e63cc574b1c52b11df2c86030af0ac09b01b13ea9",
              "url": "https://files.pythonhosted.org/packages/f1/70/7703c29685631f5a7590aa73f1f1d3fa9a380e654b86af429e0934a32f7d/idna-3.10.tar.gz"
            }
          ],
          "project_name": "idna",
          "requires_dists": [
            "flake8>=7.1.1; extra == \"all\"",
            "mypy>=1.11.2; extra == \"all\"",
            "pytest>=8.3.2; extra == \"all\"",
            "ruff>=0.6.2; extra == \"all\""
          ],
          "requires_python": ">=3.6",
          "version": "3.10"
        },
        {
          "artifacts": [
            {
              "algorithm": "sha256",
              "hash": "29572ef2b1f17581046b3a2227d5c611fb25ec70ca1ba8554b24b0e69331a484",
              "url": "https://files.pythonhosted.org/packages/20/12/38679034af332785aac8774540895e234f4d07f7545804097de4b666afd8/packaging-25.0-py3-none-any.whl"
            },
            {
              "algorithm": "sha256",
              "hash": "d443872c98d677bf60f6a1f2f8c1cb748e8fe762d2bf9d3148b5599295b0fc4f",
              "url": "https://files.pythonhosted.org/packages/a1/d4/1fc4078c65507b51b96ca8f8c3ba19e6a61c8253c72794544580a7b6c24d/packaging-25.0.tar.gz"
            }
          ],
          "project_name": "packaging",
          "requires_dists": [],
          "requires_python": ">=3.8",
          "version": "25.0"
        },
        {
          "artifacts": [
            {
              "algorithm": "sha256",
              "hash": "d9615eaa9ac5a063471da949c8fc16376a84afb5024688b3ff885693506764eb",
              "url": "https://files.pythonhosted.org/packages/e7/12/46b65f3534d099349e38ef6ec98b1a5a81f42536d17e0ba382c28c67ba67/pydantic-2.11.4-py3-none-any.whl"
            },
            {
              "algorithm": "sha256",
              "hash": "32738d19d63a226a52eed76645a98ee07c1f410ee41d93b4afbfa85ed8111c2d",
              "url": "https://files.pythonhosted.org/packages/77/ab/5250d56ad03884ab5efd07f734203943c8a8ab40d551e208af81d0257bf2/pydantic-2.11.4.tar.gz"
            }
          ],
          "project_name": "pydantic",
          "requires_dists": [
            "annotated-types>=0.6.0",
            "email-validator>=2.0.0; extra == \"email\"",
            "pydantic-core==2.33.2",
            "typing-extensions>=4.12.2",
            "typing-inspection>=0.4.0",
            "tzdata; (python_version >= \"3.9\" and platform_system == \"Windows\") and extra == \"timezone\""
          ],
          "requires_python": ">=3.9",
          "version": "2.11.4"
        },
        {
          "artifacts": [
            {
              "algorithm": "sha256",
              "hash": "82f68293f055f51b51ea42fafc74b6aad03e70e191799430b90c13d643059ebb",
              "url": "https://files.pythonhosted.org/packages/3c/b2/5309c905a93811524a49b4e031e9851a6b00ff0fb668794472ea7746b448/pydantic_core-2.33.2-pp311-pypy311_pp73-musllinux_1_1_x86_64.whl"
            },
            {
              "algorithm": "sha256",
              "hash": "2f82865531efd18d6e07a04a17331af02cb7a651583c418df8266f17a63c6612",
              "url": "https://files.pythonhosted.org/packages/05/bc/0d0b5adeda59a261cd30a1235a445bf55c7e46ae44aea28f7bd6ed46e091/pydantic_core-2.33.2-pp311-pypy311_pp73-manylinux_2_17_aarch64.manylinux2014_aarch64.whl"
            },
            {
              "algorithm": "sha256",
              "hash": "bc7aee6f634a6f4a95676fcb5d6559a2c2a390330098dba5e5a5f28a2e4ada30",
              "url": "https://files.pythonhosted.org/packages/12/e7/6a36a07c59ebefc8777d1ffdaf5ae71b06b21952582e4b07eba88a421c79/pydantic_core-2.33.2-cp311-cp311-musllinux_1_1_armv7l.whl"
            },
            {
              "algorithm": "sha256",
              "hash": "235f45e5dbcccf6bd99f9f472858849f73d11120d76ea8707115415f8e5ebebf",
              "url": "https://files.pythonhosted.org/packages/16/3f/59b3187aaa6cc0c1e6616e8045b284de2b6a87b027cce2ffcea073adf1d2/pydantic_core-2.33.2-cp311-cp311-musllinux_1_1_x86_64.whl"
            },
            {
              "algorithm": "sha256",
              "hash": "e799c050df38a639db758c617ec771fd8fb7a5f8eaaa4b27b101f266b216a246",
              "url": "https://files.pythonhosted.org/packages/24/2f/3cfa7244ae292dd850989f328722d2aef313f74ffc471184dc509e1e4e5a/pydantic_core-2.33.2-cp311-cp311-macosx_11_0_arm64.whl"
            },
            {
              "algorithm": "sha256",
              "hash": "3dc625f4aa79713512d1976fe9f0bc99f706a9dee21dfd1810b4bbbf228d0e8a",
              "url": "https://files.pythonhosted.org/packages/2b/9f/b8f9ec8dd1417eb9da784e91e1667d58a2a4a7b7b34cf4af765ef663a7e5/pydantic_core-2.33.2-cp311-cp311-manylinux_2_17_s390x.manylinux2014_s390x.whl"
            },
            {
              "algorithm": "sha256",
              "hash": "2bfb5112df54209d820d7bf9317c7a6c9025ea52e49f46b6a2060104bba37de7",
              "url": "https://files.pythonhosted.org/packages/3e/11/d37bdebbda2e449cb3f519f6ce950927b56d62f0b84fd9cb9e372a26a3d5/pydantic_core-2.33.2-pp311-pypy311_pp73-manylinux_2_17_x86_64.manylinux2014_x86_64.whl"
            },
            {
              "algorithm": "sha256",
              "hash": "4c5b0a576fb381edd6d27f0a85915c6daf2f8138dc5c267a57c08a62900758c7",
              "url": "https://files.pythonhosted.org/packages/3f/8d/71db63483d518cbbf290261a1fc2839d17ff89fce7089e08cad07ccfce67/pydantic_core-2.33.2-cp311-cp311-macosx_10_12_x86_64.whl"
            },
            {
              "algorithm": "sha256",
              "hash": "881b21b5549499972441da4758d662aeea93f1923f953e9cbaff14b8b9565aef",
              "url": "https://files.pythonhosted.org/packages/47/bc/cd720e078576bdb8255d5032c5d63ee5c0bf4b7173dd955185a1d658c456/pydantic_core-2.33.2-cp311-cp311-manylinux_2_17_x86_64.manylinux2014_x86_64.whl"
            },
            {
              "algorithm": "sha256",
              "hash": "f889f7a40498cc077332c7ab6b4608d296d852182211787d4f3ee377aaae66e8",
              "url": "https://files.pythonhosted.org/packages/53/89/2b2de6c81fa131f423246a9109d7b2a375e83968ad0800d6e57d0574629b/pydantic_core-2.33.2-pp311-pypy311_pp73-musllinux_1_1_aarch64.whl"
            },
            {
              "algorithm": "sha256",
              "hash": "dd14041875d09cc0f9308e37a6f8b65f5585cf2598a53aa0123df8b129d481f8",
              "url": "https://files.pythonhosted.org/packages/7b/27/d4ae6487d73948d6f20dddcd94be4ea43e74349b56eba82e9bdee2d7494c/pydantic_core-2.33.2-pp311-pypy311_pp73-macosx_10_12_x86_64.whl"
            },
            {
              "algorithm": "sha256",
              "hash": "64632ff9d614e5eecfb495796ad51b0ed98c453e447a76bcbeeb69615079fc7e",
              "url": "https://files.pythonhosted.org/packages/8c/55/1f95f0a05ce72ecb02a8a8a1c3be0579bbc29b1d5ab68f1378b7bebc5057/pydantic_core-2.33.2-pp311-pypy311_pp73-manylinux_2_5_i686.manylinux1_i686.whl"
            },
            {
              "algorithm": "sha256",
              "hash": "7cb8bc3605c29176e1b105350d2e6474142d7c1bd1d9327c4a9bdb46bf827acc",
              "url": "https://files.pythonhosted.org/packages/ad/88/5f2260bdfae97aabf98f1778d43f69574390ad787afb646292a638c923d4/pydantic_core-2.33.2.tar.gz"
            },
            {
              "algorithm": "sha256",
              "hash": "dc46a01bf8d62f227d5ecee74178ffc448ff4e5197c756331f71efcc66dc980f",
              "url": "https://files.pythonhosted.org/packages/b3/d3/4ae42d33f5e3f50dd467761304be2fa0a9417fbf09735bc2cce003480f2a/pydantic_core-2.33.2-cp311-cp311-manylinux_2_17_aarch64.manylinux2014_aarch64.whl"
            },
            {
              "algorithm": "sha256",
              "hash": "de4b83bb311557e439b9e186f733f6c645b9417c84e2eb8203f3f820a4b988bf",
              "url": "https://files.pythonhosted.org/packages/b8/e9/1f7efbe20d0b2b10f6718944b5d8ece9152390904f29a78e68d4e7961159/pydantic_core-2.33.2-pp311-pypy311_pp73-musllinux_1_1_armv7l.whl"
            },
            {
              "algorithm": "sha256",
              "hash": "bdc25f3681f7b78572699569514036afe3c243bc3059d3942624e936ec93450e",
              "url": "https://files.pythonhosted.org/packages/ca/22/3602b895ee2cd29d11a2b349372446ae9727c32e78a94b3d588a40fdf187/pydantic_core-2.33.2-cp311-cp311-manylinux_2_5_i686.manylinux1_i686.whl"
            },
            {
              "algorithm": "sha256",
              "hash": "73cf6373c21bc80b2e0dc88444f41ae60b2f070ed02095754eb5a01df12256de",
              "url": "https://files.pythonhosted.org/packages/d5/7a/cda9b5a23c552037717f2b2a5257e9b2bfe45e687386df9591eff7b46d28/pydantic_core-2.33.2-cp311-cp311-manylinux_2_17_ppc64le.manylinux2014_ppc64le.whl"
            },
            {
              "algorithm": "sha256",
              "hash": "d87c561733f66531dced0da6e864f44ebf89a8fba55f31407b00c2f7f9449593",
              "url": "https://files.pythonhosted.org/packages/f1/b8/b3cb95375f05d33801024079b9392a5ab45267a63400bf1866e7ce0f0de4/pydantic_core-2.33.2-pp311-pypy311_pp73-macosx_11_0_arm64.whl"
            },
            {
              "algorithm": "sha256",
              "hash": "a144d4f717285c6d9234a66778059f33a89096dfb9b39117663fd8413d582dcc",
              "url": "https://files.pythonhosted.org/packages/f4/f3/aa5976e8352b7695ff808599794b1fba2a9ae2ee954a3426855935799488/pydantic_core-2.33.2-cp311-cp311-manylinux_2_17_armv7l.manylinux2014_armv7l.whl"
            },
            {
              "algorithm": "sha256",
              "hash": "fe5b32187cbc0c862ee201ad66c30cf218e5ed468ec8dc1cf49dec66e160cc4d",
              "url": "https://files.pythonhosted.org/packages/ff/e6/e3c5908c03cf00d629eb38393a98fccc38ee0ce8ecce32f69fc7d7b558a7/pydantic_core-2.33.2-cp311-cp311-musllinux_1_1_aarch64.whl"
            }
          ],
          "project_name": "pydantic-core",
          "requires_dists": [
            "typing-extensions!=4.7.0,>=4.6.0"
          ],
          "requires_python": ">=3.9",
          "version": "2.33.2"
        },
        {
          "artifacts": [
            {
              "algorithm": "sha256",
              "hash": "a8b2bc7bffae282281c8140a97d3aa9c14da0b136dfe83f850eea9a5f7470427",
              "url": "https://files.pythonhosted.org/packages/ec/57/56b9bcc3c9c6a792fcbaf139543cee77261f3651ca9da0c93f5c1221264b/python_dateutil-2.9.0.post0-py2.py3-none-any.whl"
            },
            {
              "algorithm": "sha256",
              "hash": "37dd54208da7e1cd875388217d5e00ebd4179249f90fb72437e91a35459a0ad3",
              "url": "https://files.pythonhosted.org/packages/66/c0/0c8b6ad9f17a802ee498c46e004a0eb49bc148f2fd230864601a86dcf6db/python-dateutil-2.9.0.post0.tar.gz"
            }
          ],
          "project_name": "python-dateutil",
          "requires_dists": [
            "six>=1.5"
          ],
          "requires_python": "!=3.0.*,!=3.1.*,!=3.2.*,>=2.7",
          "version": "2.9.0.post0"
        },
        {
          "artifacts": [
            {
              "algorithm": "sha256",
              "hash": "70761cfe03c773ceb22aa2f671b4757976145175cdfca038c02654d061d6dcc6",
              "url": "https://files.pythonhosted.org/packages/f9/9b/335f9764261e915ed497fcdeb11df5dfd6f7bf257d4a6a2a686d80da4d54/requests-2.32.3-py3-none-any.whl"
            },
            {
              "algorithm": "sha256",
              "hash": "55365417734eb18255590a9ff9eb97e9e1da868d4ccd6402399eaf68af20a760",
              "url": "https://files.pythonhosted.org/packages/63/70/2bf7780ad2d390a8d301ad0b550f1581eadbd9a20f896afe06353c2a2913/requests-2.32.3.tar.gz"
            }
          ],
          "project_name": "requests",
          "requires_dists": [
            "PySocks!=1.5.7,>=1.5.6; extra == \"socks\"",
            "certifi>=2017.4.17",
            "chardet<6,>=3.0.2; extra == \"use-chardet-on-py3\"",
            "charset-normalizer<4,>=2",
            "idna<4,>=2.5",
            "urllib3<3,>=1.21.1"
          ],
          "requires_python": ">=3.8",
          "version": "2.32.3"
        },
        {
          "artifacts": [
            {
              "algorithm": "sha256",
              "hash": "cccfdd665f0a24fcf4726e690f65639d272bb0637b9b92dfd91a5568ccf6bd06",
              "url": "https://files.pythonhosted.org/packages/3f/51/d4db610ef29373b879047326cbf6fa98b6c1969d6f6dc423279de2b1be2c/requests_toolbelt-1.0.0-py2.py3-none-any.whl"
            },
            {
              "algorithm": "sha256",
              "hash": "7681a0a3d047012b5bdc0ee37d7f8f07ebe76ab08caeccfc3921ce23c88d5bc6",
              "url": "https://files.pythonhosted.org/packages/f3/61/d7545dafb7ac2230c70d38d31cbfe4cc64f7144dc41f6e4e4b78ecd9f5bb/requests-toolbelt-1.0.0.tar.gz"
            }
          ],
          "project_name": "requests-toolbelt",
          "requires_dists": [
            "requests<3.0.0,>=2.0.1"
          ],
          "requires_python": "!=3.0.*,!=3.1.*,!=3.2.*,!=3.3.*,>=2.7",
          "version": "1.0.0"
        },
        {
          "artifacts": [
            {
              "algorithm": "sha256",
              "hash": "4721f391ed90541fddacab5acf947aa0d3dc7d27b2e1e8eda2be8970586c3274",
              "url": "https://files.pythonhosted.org/packages/b7/ce/149a00dd41f10bc29e5921b496af8b574d8413afcd5e30dfa0ed46c2cc5e/six-1.17.0-py2.py3-none-any.whl"
            },
            {
              "algorithm": "sha256",
              "hash": "ff70335d468e7eb6ec65b95b99d3a2836546063f63acc5171de367e834932a81",
              "url": "https://files.pythonhosted.org/packages/94/e7/b2c673351809dca68a0e064b6af791aa332cf192da575fd474ed7d6f16a2/six-1.17.0.tar.gz"
            }
          ],
          "project_name": "six",
          "requires_dists": [],
          "requires_python": "!=3.0.*,!=3.1.*,!=3.2.*,>=2.7",
          "version": "1.17.0"
        },
        {
          "artifacts": [
            {
              "algorithm": "sha256",
              "hash": "2f6da418d1f1e0fddd844478f41680e794e6051915791a034ff65e5f100525a2",
              "url": "https://files.pythonhosted.org/packages/e9/44/75a9c9421471a6c4805dbf2356f7c181a29c1879239abab1ea2cc8f38b40/sniffio-1.3.1-py3-none-any.whl"
            },
            {
              "algorithm": "sha256",
              "hash": "f4324edc670a0f49750a81b895f35c3adb843cca46f0530f79fc1babb23789dc",
              "url": "https://files.pythonhosted.org/packages/a2/87/a6771e1546d97e7e041b6ae58d80074f81b7d5121207425c964ddf5cfdbd/sniffio-1.3.1.tar.gz"
            }
          ],
          "project_name": "sniffio",
          "requires_dists": [],
          "requires_python": ">=3.7",
          "version": "1.3.1"
        },
        {
          "artifacts": [
            {
              "algorithm": "sha256",
              "hash": "a439e7c04b49fec3e5d3e2beaa21755cadbbdc391694e28ccdd36ca4a1408f8c",
              "url": "https://files.pythonhosted.org/packages/8b/54/b1ae86c0973cc6f0210b53d508ca3641fb6d0c56823f288d108bc7ab3cc8/typing_extensions-4.13.2-py3-none-any.whl"
            },
            {
              "algorithm": "sha256",
              "hash": "e6c81219bd689f51865d9e372991c540bda33a0379d5573cddb9a3a23f7caaef",
              "url": "https://files.pythonhosted.org/packages/f6/37/23083fcd6e35492953e8d2aaaa68b860eb422b34627b13f2ce3eb6106061/typing_extensions-4.13.2.tar.gz"
            }
          ],
          "project_name": "typing-extensions",
          "requires_dists": [],
          "requires_python": ">=3.8",
          "version": "4.13.2"
        },
        {
          "artifacts": [
            {
              "algorithm": "sha256",
              "hash": "50e72559fcd2a6367a19f7a7e610e6afcb9fac940c650290eed893d61386832f",
              "url": "https://files.pythonhosted.org/packages/31/08/aa4fdfb71f7de5176385bd9e90852eaf6b5d622735020ad600f2bab54385/typing_inspection-0.4.0-py3-none-any.whl"
            },
            {
              "algorithm": "sha256",
              "hash": "9765c87de36671694a67904bf2c96e395be9c6439bb6c87b5142569dcdd65122",
              "url": "https://files.pythonhosted.org/packages/82/5c/e6082df02e215b846b4b8c0b887a64d7d08ffaba30605502639d44c06b82/typing_inspection-0.4.0.tar.gz"
            }
          ],
          "project_name": "typing-inspection",
          "requires_dists": [
            "typing-extensions>=4.12.0"
          ],
          "requires_python": ">=3.9",
          "version": "0.4.0"
        },
        {
          "artifacts": [
            {
              "algorithm": "sha256",
              "hash": "1a403fada01ff9221ca8044d701868fa132215d84beb92242d9acd2147f667a8",
              "url": "https://files.pythonhosted.org/packages/5c/23/c7abc0ca0a1526a0774eca151daeb8de62ec457e77262b66b359c3c7679e/tzdata-2025.2-py2.py3-none-any.whl"
            },
            {
              "algorithm": "sha256",
              "hash": "b60a638fcc0daffadf82fe0f57e53d06bdec2f36c4df66280ae79bce6bd6f2b9",
              "url": "https://files.pythonhosted.org/packages/95/32/1a225d6164441be760d75c2c42e2780dc0873fe382da3e98a2e1e48361e5/tzdata-2025.2.tar.gz"
            }
          ],
          "project_name": "tzdata",
          "requires_dists": [],
          "requires_python": ">=2",
          "version": "2025.2"
        },
        {
          "artifacts": [
            {
              "algorithm": "sha256",
              "hash": "eb1a66c3ef5847adf7a834f1be0800581b683b5608e74f86ecbcef8ab91bb85d",
              "url": "https://files.pythonhosted.org/packages/c2/14/e2a54fabd4f08cd7af1c07030603c3356b74da07f7cc056e600436edfa17/tzlocal-5.3.1-py3-none-any.whl"
            },
            {
              "algorithm": "sha256",
              "hash": "cceffc7edecefea1f595541dbd6e990cb1ea3d19bf01b2809f362a03dd7921fd",
              "url": "https://files.pythonhosted.org/packages/8b/2e/c14812d3d4d9cd1773c6be938f89e5735a1f11a9f184ac3639b93cef35d5/tzlocal-5.3.1.tar.gz"
            }
          ],
          "project_name": "tzlocal",
          "requires_dists": [
            "check-manifest; extra == \"devenv\"",
            "pytest-cov; extra == \"devenv\"",
            "pytest-mock>=3.3; extra == \"devenv\"",
            "pytest>=4.3; extra == \"devenv\"",
            "tzdata; platform_system == \"Windows\"",
            "zest.releaser; extra == \"devenv\""
          ],
          "requires_python": ">=3.9",
          "version": "5.3.1"
        },
        {
          "artifacts": [
            {
              "algorithm": "sha256",
              "hash": "4e16665048960a0900c702d4a66415956a584919c03361cac9f1df5c5dd7e813",
              "url": "https://files.pythonhosted.org/packages/6b/11/cc635220681e93a0183390e26485430ca2c7b5f9d33b15c74c2861cb8091/urllib3-2.4.0-py3-none-any.whl"
            },
            {
              "algorithm": "sha256",
              "hash": "414bc6535b787febd7567804cc015fee39daab8ad86268f1310a9250697de466",
              "url": "https://files.pythonhosted.org/packages/8a/78/16493d9c386d8e60e442a35feac5e00f0913c0f4b7c217c11e8ec2ff53e0/urllib3-2.4.0.tar.gz"
            }
          ],
          "project_name": "urllib3",
          "requires_dists": [
            "brotli>=1.0.9; platform_python_implementation == \"CPython\" and extra == \"brotli\"",
            "brotlicffi>=0.8.0; platform_python_implementation != \"CPython\" and extra == \"brotli\"",
            "h2<5,>=4; extra == \"h2\"",
            "pysocks!=1.5.7,<2.0,>=1.5.6; extra == \"socks\"",
            "zstandard>=0.18.0; extra == \"zstd\""
          ],
          "requires_python": ">=3.9",
          "version": "2.4.0"
        }
      ],
      "platform_tag": null
    }
  ],
  "only_builds": [],
  "only_wheels": [],
  "overridden": [],
  "path_mappings": {},
  "pex_version": "2.20.3",
  "pip_version": "24.2",
  "prefer_older_binary": false,
  "requirements": [
    "flywheel-sdk>=19.0.0",
    "fw-client>=1.0.0",
    "pydantic>=2.5.2"
  ],
  "requires_python": [
    "==3.11.*"
  ],
  "resolver_version": "pip-2020-resolver",
  "style": "universal",
  "target_systems": [
    "linux",
    "mac"
  ],
  "transitive": true,
  "use_pep517": null,
  "use_system_time": false
}
